
Microsoft Visual Studio Solution File, Format Version 12.00
# Visual Studio 15
VisualStudioVersion = 15.0.28307.1062
MinimumVisualStudioVersion = 10.0.40219.1
Project("{FAE04EC0-301F-11D3-BF4B-00C04F79EFBC}") = "ProyectoXalli_Gentelella", "ProyectoXalli_Gentelella\ProyectoXalli_Gentelella.csproj", "{895D406E-AF35-4344-8A23-50C5977ACE07}"
EndProject
Global
	GlobalSection(SolutionConfigurationPlatforms) = preSolution
		Debug|Any CPU = Debug|Any CPU
		Release|Any CPU = Release|Any CPU
	EndGlobalSection
	GlobalSection(ProjectConfigurationPlatforms) = postSolution
		{895D406E-AF35-4344-8A23-50C5977ACE07}.Debug|Any CPU.ActiveCfg = Debug|Any CPU
		{895D406E-AF35-4344-8A23-50C5977ACE07}.Debug|Any CPU.Build.0 = Debug|Any CPU
		{895D406E-AF35-4344-8A23-50C5977ACE07}.Release|Any CPU.ActiveCfg = Release|Any CPU
		{895D406E-AF35-4344-8A23-50C5977ACE07}.Release|Any CPU.Build.0 = Release|Any CPU
	EndGlobalSection
	GlobalSection(SolutionProperties) = preSolution
		HideSolutionNode = FALSE
	EndGlobalSection
	GlobalSection(ExtensibilityGlobals) = postSolution
		SolutionGuid = {2F814949-F5A0-4ADF-9A66-D03A16D01D16}
	EndGlobalSection
EndGlobal
